
Microsoft Visual Studio Solution File, Format Version 12.00
# Visual Studio Version 16
VisualStudioVersion = 16.0.30709.132
MinimumVisualStudioVersion = 10.0.40219.1
Project("{FAE04EC0-301F-11D3-BF4B-00C04F79EFBC}") = "Trash Bin view", "Trash Bin view\Trash Bin view.csproj", "{6C3C3307-EA5A-480E-885C-E8CF29FB3880}"
EndProject
Global
	GlobalSection(SolutionConfigurationPlatforms) = preSolution
		Debug|Any CPU = Debug|Any CPU
		Release|Any CPU = Release|Any CPU
	EndGlobalSection
	GlobalSection(ProjectConfigurationPlatforms) = postSolution
		{6C3C3307-EA5A-480E-885C-E8CF29FB3880}.Debug|Any CPU.ActiveCfg = Debug|Any CPU
		{6C3C3307-EA5A-480E-885C-E8CF29FB3880}.Debug|Any CPU.Build.0 = Debug|Any CPU
		{6C3C3307-EA5A-480E-885C-E8CF29FB3880}.Release|Any CPU.ActiveCfg = Release|Any CPU
		{6C3C3307-EA5A-480E-885C-E8CF29FB3880}.Release|Any CPU.Build.0 = Release|Any CPU
	EndGlobalSection
	GlobalSection(SolutionProperties) = preSolution
		HideSolutionNode = FALSE
	EndGlobalSection
	GlobalSection(ExtensibilityGlobals) = postSolution
		SolutionGuid = {6F83804C-7675-4610-8DEA-97A557CA38CE}
	EndGlobalSection
EndGlobal
